<Solution>
  <Folder Name="/src/">
    <Project Path="src/ThisIsMyPC.App/ThisIsMyPC.App.csproj" />
    <Project Path="src/ThisIsMyPC.Core/ThisIsMyPC.Core.csproj" />
    <Project Path="src/ThisIsMyPC.Interop.Com/ThisIsMyPC.Interop.Com.csproj" />
    <Project Path="src/ThisIsMyPC.Interop.Win32/ThisIsMyPC.Interop.Win32.csproj" />
    <Project Path="src/ThisIsMyPC.Interop.Wmi/ThisIsMyPC.Interop.Wmi.csproj" />
    <Project Path="src/ThisIsMyPC.Ipc.Contracts/ThisIsMyPC.Ipc.Contracts.csproj" />
    <Project Path="src/ThisIsMyPC.Service/ThisIsMyPC.Service.csproj" />
    <Project Path="src/ThisIsMyPC.Modules.Annoyances/ThisIsMyPC.Modules.Annoyances.csproj" />
    <Project Path="src/ThisIsMyPC.Modules.Power/ThisIsMyPC.Modules.Power.csproj" />
    <Project Path="src/ThisIsMyPC.Modules.Shell/ThisIsMyPC.Modules.Shell.csproj" />
    <Project Path="src/ThisIsMyPC.Modules.Startup/ThisIsMyPC.Modules.Startup.csproj" />
    <Project Path="src/ThisIsMyPC.Modules.WindowsUpdate/ThisIsMyPC.Modules.WindowsUpdate.csproj" />
  </Folder>
  <Folder Name="/analyzers/">
    <Project Path="analyzers/ThisIsMyPC.Analyzers/ThisIsMyPC.Analyzers.csproj" />
  </Folder>
  <Folder Name="/tests/">
    <Project Path="tests/ThisIsMyPC.Analyzers.Tests/ThisIsMyPC.Analyzers.Tests.csproj" />
    <Project Path="tests/ThisIsMyPC.Core.Tests/ThisIsMyPC.Core.Tests.csproj" />
    <Project Path="tests/ThisIsMyPC.Integration.Tests/ThisIsMyPC.Integration.Tests.csproj" />
    <Project Path="tests/ThisIsMyPC.Ipc.Tests/ThisIsMyPC.Ipc.Tests.csproj" />
    <Project Path="tests/ThisIsMyPC.Modules.Annoyances.Tests/ThisIsMyPC.Modules.Annoyances.Tests.csproj" />
    <Project Path="tests/ThisIsMyPC.Modules.Power.Tests/ThisIsMyPC.Modules.Power.Tests.csproj" />
    <Project Path="tests/ThisIsMyPC.Modules.Shell.Tests/ThisIsMyPC.Modules.Shell.Tests.csproj" />
    <Project Path="tests/ThisIsMyPC.Modules.Startup.Tests/ThisIsMyPC.Modules.Startup.Tests.csproj" />
    <Project Path="tests/ThisIsMyPC.Modules.WindowsUpdate.Tests/ThisIsMyPC.Modules.WindowsUpdate.Tests.csproj" />
    <Project Path="tests/ThisIsMyPC.Security.Tests/ThisIsMyPC.Security.Tests.csproj" />
  </Folder>
</Solution>
